
Microsoft Visual Studio Solution File, Format Version 12.00
# Visual Studio 15
VisualStudioVersion = 15.0.28010.2048
MinimumVisualStudioVersion = 10.0.40219.1
Project("{E24C65DC-7377-472B-9ABA-BC803B73C61A}") = "ftp://ftp.d6089744-91247.srv-hostalia.com", "ftp://ftp.d6089744-91247.srv-hostalia.com", "{D6366721-B399-4742-9EB6-EDBE91F96E88}"
	ProjectSection(WebsiteProperties) = preProject
		TargetFrameworkMoniker = ".NETFramework,Version%3Dv4.5"
		Debug.AspNetCompiler.VirtualPath = "/ftp.d6089744-91247.srv-hostalia.com"
		Debug.AspNetCompiler.PhysicalPath = "..\..\..\AppData\Local\Temp\VWDWebCache\ftp_ftp.d6089744-91247.srv-hostalia.com_f226522.admin\"
		Debug.AspNetCompiler.TargetPath = "PrecompiledWeb\ftp.d6089744-91247.srv-hostalia.com\"
		Debug.AspNetCompiler.Updateable = "true"
		Debug.AspNetCompiler.ForceOverwrite = "true"
		Debug.AspNetCompiler.FixedNames = "false"
		Debug.AspNetCompiler.Debug = "True"
		Release.AspNetCompiler.VirtualPath = "/ftp.d6089744-91247.srv-hostalia.com"
		Release.AspNetCompiler.PhysicalPath = "..\..\..\AppData\Local\Temp\VWDWebCache\ftp_ftp.d6089744-91247.srv-hostalia.com_f226522.admin\"
		Release.AspNetCompiler.TargetPath = "PrecompiledWeb\ftp.d6089744-91247.srv-hostalia.com\"
		Release.AspNetCompiler.Updateable = "true"
		Release.AspNetCompiler.ForceOverwrite = "true"
		Release.AspNetCompiler.FixedNames = "false"
		Release.AspNetCompiler.Debug = "False"
	EndProjectSection
EndProject
Global
	GlobalSection(SolutionConfigurationPlatforms) = preSolution
		Debug|Any CPU = Debug|Any CPU
	EndGlobalSection
	GlobalSection(ProjectConfigurationPlatforms) = postSolution
		{D6366721-B399-4742-9EB6-EDBE91F96E88}.Debug|Any CPU.ActiveCfg = Debug|Any CPU
		{D6366721-B399-4742-9EB6-EDBE91F96E88}.Debug|Any CPU.Build.0 = Debug|Any CPU
	EndGlobalSection
	GlobalSection(SolutionProperties) = preSolution
		HideSolutionNode = FALSE
	EndGlobalSection
	GlobalSection(ExtensibilityGlobals) = postSolution
		SolutionGuid = {274EF6D0-FCF7-4041-9A40-99B9A9ACD8BF}
	EndGlobalSection
EndGlobal
